
Microsoft Visual Studio Solution File, Format Version 12.00
# Visual Studio 14
VisualStudioVersion = 14.0.23107.0
MinimumVisualStudioVersion = 10.0.40219.1
Project("{FAE04EC0-301F-11D3-BF4B-00C04F79EFBC}") = "JetSharp", "JetSharp\JetSharp.csproj", "{3D29BCA5-6F08-48DA-BB83-63A3E358157C}"
EndProject
Project("{FAE04EC0-301F-11D3-BF4B-00C04F79EFBC}") = "JetSharp.Tests", "JetSharp.Tests\JetSharp.Tests.csproj", "{24B9D2B6-D62C-4FC9-874D-C4F1FA6EFB24}"
EndProject
Global
	GlobalSection(SolutionConfigurationPlatforms) = preSolution
		Debug|Any CPU = Debug|Any CPU
		Release|Any CPU = Release|Any CPU
	EndGlobalSection
	GlobalSection(ProjectConfigurationPlatforms) = postSolution
		{3D29BCA5-6F08-48DA-BB83-63A3E358157C}.Debug|Any CPU.ActiveCfg = Debug|Any CPU
		{3D29BCA5-6F08-48DA-BB83-63A3E358157C}.Debug|Any CPU.Build.0 = Debug|Any CPU
		{3D29BCA5-6F08-48DA-BB83-63A3E358157C}.Release|Any CPU.ActiveCfg = Release|Any CPU
		{3D29BCA5-6F08-48DA-BB83-63A3E358157C}.Release|Any CPU.Build.0 = Release|Any CPU
		{24B9D2B6-D62C-4FC9-874D-C4F1FA6EFB24}.Debug|Any CPU.ActiveCfg = Debug|Any CPU
		{24B9D2B6-D62C-4FC9-874D-C4F1FA6EFB24}.Debug|Any CPU.Build.0 = Debug|Any CPU
		{24B9D2B6-D62C-4FC9-874D-C4F1FA6EFB24}.Release|Any CPU.ActiveCfg = Release|Any CPU
		{24B9D2B6-D62C-4FC9-874D-C4F1FA6EFB24}.Release|Any CPU.Build.0 = Release|Any CPU
	EndGlobalSection
	GlobalSection(SolutionProperties) = preSolution
		HideSolutionNode = FALSE
	EndGlobalSection
EndGlobal
